
Microsoft Visual Studio Solution File, Format Version 12.00
# Visual Studio 15
VisualStudioVersion = 15.0.28307.329
MinimumVisualStudioVersion = 10.0.40219.1
Project("{FAE04EC0-301F-11D3-BF4B-00C04F79EFBC}") = "MonPP", "MonPremierProjet\MonPP.csproj", "{E7D534C0-AA86-4C72-8282-4CE0DE915144}"
EndProject
Project("{FAE04EC0-301F-11D3-BF4B-00C04F79EFBC}") = "ConsoleApp1", "..\ConsoleApp1\ConsoleApp1.csproj", "{177BA6B7-94DF-429E-909C-037B921F26FF}"
EndProject
Project("{2150E333-8FDC-42A3-9474-1A3956D46DE8}") = "Libs", "Libs", "{4C873032-B2E6-4B01-932B-72CC0E2D637D}"
EndProject
Project("{2150E333-8FDC-42A3-9474-1A3956D46DE8}") = "UI", "UI", "{431A0CEA-3F7D-4E18-B789-1F67FD5D9580}"
EndProject
Project("{FAE04EC0-301F-11D3-BF4B-00C04F79EFBC}") = "DecouverteProceduresFunctions", "DecouverteProceduresFunctions\DecouverteProceduresFunctions.csproj", "{89288019-8AA3-4B83-8B17-963F99AF20A2}"
EndProject
Project("{FAE04EC0-301F-11D3-BF4B-00C04F79EFBC}") = "BattleFieldReboot", "BattleFieldReboot\BattleFieldReboot.csproj", "{8773B509-3956-4710-86EF-EA95AF46B38D}"
EndProject
Project("{2150E333-8FDC-42A3-9474-1A3956D46DE8}") = "Tests", "Tests", "{9A2E758C-9860-43A3-BBBD-AC3BC87CD80A}"
EndProject
Project("{FAE04EC0-301F-11D3-BF4B-00C04F79EFBC}") = "MonZoo", "MonZoo\MonZoo.csproj", "{92DD9D1A-7BCF-4B60-AE51-509DD9663A13}"
EndProject
Project("{FAE04EC0-301F-11D3-BF4B-00C04F79EFBC}") = "MonJeuBattleField", "MonJeuBattleField\MonJeuBattleField.csproj", "{417A1F86-6978-4FB6-A240-5707324F5091}"
EndProject
Global
	GlobalSection(SolutionConfigurationPlatforms) = preSolution
		Debug|Any CPU = Debug|Any CPU
		Debug|x64 = Debug|x64
		Debug|x86 = Debug|x86
		DebugSuper|Any CPU = DebugSuper|Any CPU
		DebugSuper|x64 = DebugSuper|x64
		DebugSuper|x86 = DebugSuper|x86
		Release|Any CPU = Release|Any CPU
		Release|x64 = Release|x64
		Release|x86 = Release|x86
	EndGlobalSection
	GlobalSection(ProjectConfigurationPlatforms) = postSolution
		{E7D534C0-AA86-4C72-8282-4CE0DE915144}.Debug|Any CPU.ActiveCfg = Debug|Any CPU
		{E7D534C0-AA86-4C72-8282-4CE0DE915144}.Debug|Any CPU.Build.0 = Debug|Any CPU
		{E7D534C0-AA86-4C72-8282-4CE0DE915144}.Debug|x64.ActiveCfg = Debug|x64
		{E7D534C0-AA86-4C72-8282-4CE0DE915144}.Debug|x64.Build.0 = Debug|x64
		{E7D534C0-AA86-4C72-8282-4CE0DE915144}.Debug|x86.ActiveCfg = Debug|Any CPU
		{E7D534C0-AA86-4C72-8282-4CE0DE915144}.Debug|x86.Build.0 = Debug|Any CPU
		{E7D534C0-AA86-4C72-8282-4CE0DE915144}.DebugSuper|Any CPU.ActiveCfg = DebugSuper|Any CPU
		{E7D534C0-AA86-4C72-8282-4CE0DE915144}.DebugSuper|Any CPU.Build.0 = DebugSuper|Any CPU
		{E7D534C0-AA86-4C72-8282-4CE0DE915144}.DebugSuper|x64.ActiveCfg = DebugSuper|x64
		{E7D534C0-AA86-4C72-8282-4CE0DE915144}.DebugSuper|x64.Build.0 = DebugSuper|x64
		{E7D534C0-AA86-4C72-8282-4CE0DE915144}.DebugSuper|x86.ActiveCfg = DebugSuper|Any CPU
		{E7D534C0-AA86-4C72-8282-4CE0DE915144}.DebugSuper|x86.Build.0 = DebugSuper|Any CPU
		{E7D534C0-AA86-4C72-8282-4CE0DE915144}.Release|Any CPU.ActiveCfg = Release|Any CPU
		{E7D534C0-AA86-4C72-8282-4CE0DE915144}.Release|Any CPU.Build.0 = Release|Any CPU
		{E7D534C0-AA86-4C72-8282-4CE0DE915144}.Release|x64.ActiveCfg = Release|Any CPU
		{E7D534C0-AA86-4C72-8282-4CE0DE915144}.Release|x64.Build.0 = Release|Any CPU
		{E7D534C0-AA86-4C72-8282-4CE0DE915144}.Release|x86.ActiveCfg = Release|Any CPU
		{E7D534C0-AA86-4C72-8282-4CE0DE915144}.Release|x86.Build.0 = Release|Any CPU
		{177BA6B7-94DF-429E-909C-037B921F26FF}.Debug|Any CPU.ActiveCfg = Debug|x86
		{177BA6B7-94DF-429E-909C-037B921F26FF}.Debug|Any CPU.Build.0 = Debug|x86
		{177BA6B7-94DF-429E-909C-037B921F26FF}.Debug|x64.ActiveCfg = Debug|Any CPU
		{177BA6B7-94DF-429E-909C-037B921F26FF}.Debug|x64.Build.0 = Debug|Any CPU
		{177BA6B7-94DF-429E-909C-037B921F26FF}.Debug|x86.ActiveCfg = Debug|x86
		{177BA6B7-94DF-429E-909C-037B921F26FF}.Debug|x86.Build.0 = Debug|x86
		{177BA6B7-94DF-429E-909C-037B921F26FF}.DebugSuper|Any CPU.ActiveCfg = DebugSuper|Any CPU
		{177BA6B7-94DF-429E-909C-037B921F26FF}.DebugSuper|Any CPU.Build.0 = DebugSuper|Any CPU
		{177BA6B7-94DF-429E-909C-037B921F26FF}.DebugSuper|x64.ActiveCfg = DebugSuper|Any CPU
		{177BA6B7-94DF-429E-909C-037B921F26FF}.DebugSuper|x64.Build.0 = DebugSuper|Any CPU
		{177BA6B7-94DF-429E-909C-037B921F26FF}.DebugSuper|x86.ActiveCfg = DebugSuper|x86
		{177BA6B7-94DF-429E-909C-037B921F26FF}.DebugSuper|x86.Build.0 = DebugSuper|x86
		{177BA6B7-94DF-429E-909C-037B921F26FF}.Release|Any CPU.ActiveCfg = Release|Any CPU
		{177BA6B7-94DF-429E-909C-037B921F26FF}.Release|Any CPU.Build.0 = Release|Any CPU
		{177BA6B7-94DF-429E-909C-037B921F26FF}.Release|x64.ActiveCfg = Release|Any CPU
		{177BA6B7-94DF-429E-909C-037B921F26FF}.Release|x64.Build.0 = Release|Any CPU
		{177BA6B7-94DF-429E-909C-037B921F26FF}.Release|x86.ActiveCfg = Release|x86
		{177BA6B7-94DF-429E-909C-037B921F26FF}.Release|x86.Build.0 = Release|x86
		{89288019-8AA3-4B83-8B17-963F99AF20A2}.Debug|Any CPU.ActiveCfg = Debug|Any CPU
		{89288019-8AA3-4B83-8B17-963F99AF20A2}.Debug|Any CPU.Build.0 = Debug|Any CPU
		{89288019-8AA3-4B83-8B17-963F99AF20A2}.Debug|x64.ActiveCfg = Debug|Any CPU
		{89288019-8AA3-4B83-8B17-963F99AF20A2}.Debug|x64.Build.0 = Debug|Any CPU
		{89288019-8AA3-4B83-8B17-963F99AF20A2}.Debug|x86.ActiveCfg = Debug|Any CPU
		{89288019-8AA3-4B83-8B17-963F99AF20A2}.Debug|x86.Build.0 = Debug|Any CPU
		{89288019-8AA3-4B83-8B17-963F99AF20A2}.DebugSuper|Any CPU.ActiveCfg = Debug|Any CPU
		{89288019-8AA3-4B83-8B17-963F99AF20A2}.DebugSuper|Any CPU.Build.0 = Debug|Any CPU
		{89288019-8AA3-4B83-8B17-963F99AF20A2}.DebugSuper|x64.ActiveCfg = Debug|Any CPU
		{89288019-8AA3-4B83-8B17-963F99AF20A2}.DebugSuper|x64.Build.0 = Debug|Any CPU
		{89288019-8AA3-4B83-8B17-963F99AF20A2}.DebugSuper|x86.ActiveCfg = Debug|Any CPU
		{89288019-8AA3-4B83-8B17-963F99AF20A2}.DebugSuper|x86.Build.0 = Debug|Any CPU
		{89288019-8AA3-4B83-8B17-963F99AF20A2}.Release|Any CPU.ActiveCfg = Release|Any CPU
		{89288019-8AA3-4B83-8B17-963F99AF20A2}.Release|Any CPU.Build.0 = Release|Any CPU
		{89288019-8AA3-4B83-8B17-963F99AF20A2}.Release|x64.ActiveCfg = Release|Any CPU
		{89288019-8AA3-4B83-8B17-963F99AF20A2}.Release|x64.Build.0 = Release|Any CPU
		{89288019-8AA3-4B83-8B17-963F99AF20A2}.Release|x86.ActiveCfg = Release|Any CPU
		{89288019-8AA3-4B83-8B17-963F99AF20A2}.Release|x86.Build.0 = Release|Any CPU
		{8773B509-3956-4710-86EF-EA95AF46B38D}.Debug|Any CPU.ActiveCfg = Debug|Any CPU
		{8773B509-3956-4710-86EF-EA95AF46B38D}.Debug|Any CPU.Build.0 = Debug|Any CPU
		{8773B509-3956-4710-86EF-EA95AF46B38D}.Debug|x64.ActiveCfg = Debug|Any CPU
		{8773B509-3956-4710-86EF-EA95AF46B38D}.Debug|x64.Build.0 = Debug|Any CPU
		{8773B509-3956-4710-86EF-EA95AF46B38D}.Debug|x86.ActiveCfg = Debug|Any CPU
		{8773B509-3956-4710-86EF-EA95AF46B38D}.Debug|x86.Build.0 = Debug|Any CPU
		{8773B509-3956-4710-86EF-EA95AF46B38D}.DebugSuper|Any CPU.ActiveCfg = Debug|Any CPU
		{8773B509-3956-4710-86EF-EA95AF46B38D}.DebugSuper|Any CPU.Build.0 = Debug|Any CPU
		{8773B509-3956-4710-86EF-EA95AF46B38D}.DebugSuper|x64.ActiveCfg = Debug|Any CPU
		{8773B509-3956-4710-86EF-EA95AF46B38D}.DebugSuper|x64.Build.0 = Debug|Any CPU
		{8773B509-3956-4710-86EF-EA95AF46B38D}.DebugSuper|x86.ActiveCfg = Debug|Any CPU
		{8773B509-3956-4710-86EF-EA95AF46B38D}.DebugSuper|x86.Build.0 = Debug|Any CPU
		{8773B509-3956-4710-86EF-EA95AF46B38D}.Release|Any CPU.ActiveCfg = Release|Any CPU
		{8773B509-3956-4710-86EF-EA95AF46B38D}.Release|Any CPU.Build.0 = Release|Any CPU
		{8773B509-3956-4710-86EF-EA95AF46B38D}.Release|x64.ActiveCfg = Release|Any CPU
		{8773B509-3956-4710-86EF-EA95AF46B38D}.Release|x64.Build.0 = Release|Any CPU
		{8773B509-3956-4710-86EF-EA95AF46B38D}.Release|x86.ActiveCfg = Release|Any CPU
		{8773B509-3956-4710-86EF-EA95AF46B38D}.Release|x86.Build.0 = Release|Any CPU
		{92DD9D1A-7BCF-4B60-AE51-509DD9663A13}.Debug|Any CPU.ActiveCfg = Debug|Any CPU
		{92DD9D1A-7BCF-4B60-AE51-509DD9663A13}.Debug|Any CPU.Build.0 = Debug|Any CPU
		{92DD9D1A-7BCF-4B60-AE51-509DD9663A13}.Debug|x64.ActiveCfg = Debug|Any CPU
		{92DD9D1A-7BCF-4B60-AE51-509DD9663A13}.Debug|x64.Build.0 = Debug|Any CPU
		{92DD9D1A-7BCF-4B60-AE51-509DD9663A13}.Debug|x86.ActiveCfg = Debug|Any CPU
		{92DD9D1A-7BCF-4B60-AE51-509DD9663A13}.Debug|x86.Build.0 = Debug|Any CPU
		{92DD9D1A-7BCF-4B60-AE51-509DD9663A13}.DebugSuper|Any CPU.ActiveCfg = Debug|Any CPU
		{92DD9D1A-7BCF-4B60-AE51-509DD9663A13}.DebugSuper|Any CPU.Build.0 = Debug|Any CPU
		{92DD9D1A-7BCF-4B60-AE51-509DD9663A13}.DebugSuper|x64.ActiveCfg = Debug|Any CPU
		{92DD9D1A-7BCF-4B60-AE51-509DD9663A13}.DebugSuper|x64.Build.0 = Debug|Any CPU
		{92DD9D1A-7BCF-4B60-AE51-509DD9663A13}.DebugSuper|x86.ActiveCfg = Debug|Any CPU
		{92DD9D1A-7BCF-4B60-AE51-509DD9663A13}.DebugSuper|x86.Build.0 = Debug|Any CPU
		{92DD9D1A-7BCF-4B60-AE51-509DD9663A13}.Release|Any CPU.ActiveCfg = Release|Any CPU
		{92DD9D1A-7BCF-4B60-AE51-509DD9663A13}.Release|Any CPU.Build.0 = Release|Any CPU
		{92DD9D1A-7BCF-4B60-AE51-509DD9663A13}.Release|x64.ActiveCfg = Release|Any CPU
		{92DD9D1A-7BCF-4B60-AE51-509DD9663A13}.Release|x64.Build.0 = Release|Any CPU
		{92DD9D1A-7BCF-4B60-AE51-509DD9663A13}.Release|x86.ActiveCfg = Release|Any CPU
		{92DD9D1A-7BCF-4B60-AE51-509DD9663A13}.Release|x86.Build.0 = Release|Any CPU
		{417A1F86-6978-4FB6-A240-5707324F5091}.Debug|Any CPU.ActiveCfg = Debug|Any CPU
		{417A1F86-6978-4FB6-A240-5707324F5091}.Debug|Any CPU.Build.0 = Debug|Any CPU
		{417A1F86-6978-4FB6-A240-5707324F5091}.Debug|x64.ActiveCfg = Debug|Any CPU
		{417A1F86-6978-4FB6-A240-5707324F5091}.Debug|x64.Build.0 = Debug|Any CPU
		{417A1F86-6978-4FB6-A240-5707324F5091}.Debug|x86.ActiveCfg = Debug|Any CPU
		{417A1F86-6978-4FB6-A240-5707324F5091}.Debug|x86.Build.0 = Debug|Any CPU
		{417A1F86-6978-4FB6-A240-5707324F5091}.DebugSuper|Any CPU.ActiveCfg = Debug|Any CPU
		{417A1F86-6978-4FB6-A240-5707324F5091}.DebugSuper|Any CPU.Build.0 = Debug|Any CPU
		{417A1F86-6978-4FB6-A240-5707324F5091}.DebugSuper|x64.ActiveCfg = Debug|Any CPU
		{417A1F86-6978-4FB6-A240-5707324F5091}.DebugSuper|x64.Build.0 = Debug|Any CPU
		{417A1F86-6978-4FB6-A240-5707324F5091}.DebugSuper|x86.ActiveCfg = Debug|Any CPU
		{417A1F86-6978-4FB6-A240-5707324F5091}.DebugSuper|x86.Build.0 = Debug|Any CPU
		{417A1F86-6978-4FB6-A240-5707324F5091}.Release|Any CPU.ActiveCfg = Release|Any CPU
		{417A1F86-6978-4FB6-A240-5707324F5091}.Release|Any CPU.Build.0 = Release|Any CPU
		{417A1F86-6978-4FB6-A240-5707324F5091}.Release|x64.ActiveCfg = Release|Any CPU
		{417A1F86-6978-4FB6-A240-5707324F5091}.Release|x64.Build.0 = Release|Any CPU
		{417A1F86-6978-4FB6-A240-5707324F5091}.Release|x86.ActiveCfg = Release|Any CPU
		{417A1F86-6978-4FB6-A240-5707324F5091}.Release|x86.Build.0 = Release|Any CPU
	EndGlobalSection
	GlobalSection(SolutionProperties) = preSolution
		HideSolutionNode = FALSE
	EndGlobalSection
	GlobalSection(NestedProjects) = preSolution
		{E7D534C0-AA86-4C72-8282-4CE0DE915144} = {9A2E758C-9860-43A3-BBBD-AC3BC87CD80A}
		{177BA6B7-94DF-429E-909C-037B921F26FF} = {9A2E758C-9860-43A3-BBBD-AC3BC87CD80A}
		{89288019-8AA3-4B83-8B17-963F99AF20A2} = {9A2E758C-9860-43A3-BBBD-AC3BC87CD80A}
		{8773B509-3956-4710-86EF-EA95AF46B38D} = {431A0CEA-3F7D-4E18-B789-1F67FD5D9580}
		{9A2E758C-9860-43A3-BBBD-AC3BC87CD80A} = {431A0CEA-3F7D-4E18-B789-1F67FD5D9580}
		{92DD9D1A-7BCF-4B60-AE51-509DD9663A13} = {9A2E758C-9860-43A3-BBBD-AC3BC87CD80A}
		{417A1F86-6978-4FB6-A240-5707324F5091} = {4C873032-B2E6-4B01-932B-72CC0E2D637D}
	EndGlobalSection
	GlobalSection(ExtensibilityGlobals) = postSolution
		SolutionGuid = {AE8B351C-BEA9-4668-96AF-A6A70A36B7C7}
	EndGlobalSection
EndGlobal
